
Microsoft Visual Studio Solution File, Format Version 12.00
# Visual Studio Version 16
VisualStudioVersion = 16.0.33027.164
MinimumVisualStudioVersion = 10.0.40219.1
Project("{FAE04EC0-301F-11D3-BF4B-00C04F79EFBC}") = "WindowsFormsApp1", "WindowsFormsApp1\WindowsFormsApp1.csproj", "{D9185E67-2871-4CD3-B1E5-49FFA977F64C}"
EndProject
Global
	GlobalSection(SolutionConfigurationPlatforms) = preSolution
		Debug|Any CPU = Debug|Any CPU
		Release|Any CPU = Release|Any CPU
	EndGlobalSection
	GlobalSection(ProjectConfigurationPlatforms) = postSolution
		{D9185E67-2871-4CD3-B1E5-49FFA977F64C}.Debug|Any CPU.ActiveCfg = Debug|Any CPU
		{D9185E67-2871-4CD3-B1E5-49FFA977F64C}.Debug|Any CPU.Build.0 = Debug|Any CPU
		{D9185E67-2871-4CD3-B1E5-49FFA977F64C}.Release|Any CPU.ActiveCfg = Release|Any CPU
		{D9185E67-2871-4CD3-B1E5-49FFA977F64C}.Release|Any CPU.Build.0 = Release|Any CPU
	EndGlobalSection
	GlobalSection(SolutionProperties) = preSolution
		HideSolutionNode = FALSE
	EndGlobalSection
	GlobalSection(ExtensibilityGlobals) = postSolution
		SolutionGuid = {58DB5672-7160-4935-956B-4B192AE0A66A}
	EndGlobalSection
EndGlobal
